// !$*UTF8*$!
{
	archiveVersion = 1;
	classes = {
	};
	objectVersion = 48;
	objects = {

/* Begin PBXBuildFile section */
		46309FF42214338600B83970 /* AppDelegate.swift in Sources */ = {isa = PBXBuildFile; fileRef = 46309FF32214338600B83970 /* AppDelegate.swift */; };
		46309FF62214338600B83970 /* ViewController.swift in Sources */ = {isa = PBXBuildFile; fileRef = 46309FF52214338600B83970 /* ViewController.swift */; };
		46309FF92214338600B83970 /* Main.storyboard in Resources */ = {isa = PBXBuildFile; fileRef = 46309FF72214338600B83970 /* Main.storyboard */; };
		46309FFB2214338600B83970 /* Assets.xcassets in Resources */ = {isa = PBXBuildFile; fileRef = 46309FFA2214338600B83970 /* Assets.xcassets */; };
		46309FFE2214338600B83970 /* LaunchScreen.storyboard in Resources */ = {isa = PBXBuildFile; fileRef = 46309FFC2214338600B83970 /* LaunchScreen.storyboard */; };
		4630A0092214338700B83970 /* tableViewTests.swift in Sources */ = {isa = PBXBuildFile; fileRef = 4630A0082214338700B83970 /* tableViewTests.swift */; };
		4630A0142214338700B83970 /* tableViewUITests.swift in Sources */ = {isa = PBXBuildFile; fileRef = 4630A0132214338700B83970 /* tableViewUITests.swift */; };
		4630A02222143A1900B83970 /* TableViewCell.swift in Sources */ = {isa = PBXBuildFile; fileRef = 4630A02122143A1900B83970 /* TableViewCell.swift */; };
		4630A024221443CA00B83970 /* DetailViewController.swift in Sources */ = {isa = PBXBuildFile; fileRef = 4630A023221443CA00B83970 /* DetailViewController.swift */; };
/* End PBXBuildFile section */

/* Begin PBXContainerItemProxy section */
		4630A0052214338700B83970 /* PBXContainerItemProxy */ = {
			isa = PBXContainerItemProxy;
			containerPortal = 46309FE82214338600B83970 /* Project object */;
			proxyType = 1;
			remoteGlobalIDString = 46309FEF2214338600B83970;
			remoteInfo = tableView;
		};
		4630A0102214338700B83970 /* PBXContainerItemProxy */ = {
			isa = PBXContainerItemProxy;
			containerPortal = 46309FE82214338600B83970 /* Project object */;
			proxyType = 1;
			remoteGlobalIDString = 46309FEF2214338600B83970;
			remoteInfo = tableView;
		};
/* End PBXContainerItemProxy section */

/* Begin PBXFileReference section */
		46309FF02214338600B83970 /* tableView.app */ = {isa = PBXFileReference; explicitFileType = wrapper.application; includeInIndex = 0; path = tableView.app; sourceTree = BUILT_PRODUCTS_DIR; };
		46309FF32214338600B83970 /* AppDelegate.swift */ = {isa = PBXFileReference; lastKnownFileType = sourcecode.swift; path = AppDelegate.swift; sourceTree = "<group>"; };
		46309FF52214338600B83970 /* ViewController.swift */ = {isa = PBXFileReference; lastKnownFileType = sourcecode.swift; path = ViewController.swift; sourceTree = "<group>"; };
		46309FF82214338600B83970 /* Base */ = {isa = PBXFileReference; lastKnownFileType = file.storyboard; name = Base; path = Base.lproj/Main.storyboard; sourceTree = "<group>"; };
		46309FFA2214338600B83970 /* Assets.xcassets */ = {isa = PBXFileReference; lastKnownFileType = folder.assetcatalog; path = Assets.xcassets; sourceTree = "<group>"; };
		46309FFD2214338600B83970 /* Base */ = {isa = PBXFileReference; lastKnownFileType = file.storyboard; name = Base; path = Base.lproj/LaunchScreen.storyboard; sourceTree = "<group>"; };
		46309FFF2214338600B83970 /* Info.plist */ = {isa = PBXFileReference; lastKnownFileType = text.plist.xml; path = Info.plist; sourceTree = "<group>"; };
		4630A0042214338700B83970 /* tableViewTests.xctest */ = {isa = PBXFileReference; explicitFileType = wrapper.cfbundle; includeInIndex = 0; path = tableViewTests.xctest; sourceTree = BUILT_PRODUCTS_DIR; };
		4630A0082214338700B83970 /* tableViewTests.swift */ = {isa = PBXFileReference; lastKnownFileType = sourcecode.swift; path = tableViewTests.swift; sourceTree = "<group>"; };
		4630A00A2214338700B83970 /* Info.plist */ = {isa = PBXFileReference; lastKnownFileType = text.plist.xml; path = Info.plist; sourceTree = "<group>"; };
		4630A00F2214338700B83970 /* tableViewUITests.xctest */ = {isa = PBXFileReference; explicitFileType = wrapper.cfbundle; includeInIndex = 0; path = tableViewUITests.xctest; sourceTree = BUILT_PRODUCTS_DIR; };
		4630A0132214338700B83970 /* tableViewUITests.swift */ = {isa = PBXFileReference; lastKnownFileType = sourcecode.swift; path = tableViewUITests.swift; sourceTree = "<group>"; };
		4630A0152214338700B83970 /* Info.plist */ = {isa = PBXFileReference; lastKnownFileType = text.plist.xml; path = Info.plist; sourceTree = "<group>"; };
		4630A02122143A1900B83970 /* TableViewCell.swift */ = {isa = PBXFileReference; lastKnownFileType = sourcecode.swift; path = TableViewCell.swift; sourceTree = "<group>"; };
		4630A023221443CA00B83970 /* DetailViewController.swift */ = {isa = PBXFileReference; lastKnownFileType = sourcecode.swift; path = DetailViewController.swift; sourceTree = "<group>"; };
/* End PBXFileReference section */

/* Begin PBXFrameworksBuildPhase section */
		46309FED2214338600B83970 /* Frameworks */ = {
			isa = PBXFrameworksBuildPhase;
			buildActionMask = 2147483647;
			files = (
			);
			runOnlyForDeploymentPostprocessing = 0;
		};
		4630A0012214338700B83970 /* Frameworks */ = {
			isa = PBXFrameworksBuildPhase;
			buildActionMask = 2147483647;
			files = (
			);
			runOnlyForDeploymentPostprocessing = 0;
		};
		4630A00C2214338700B83970 /* Frameworks */ = {
			isa = PBXFrameworksBuildPhase;
			buildActionMask = 2147483647;
			files = (
			);
			runOnlyForDeploymentPostprocessing = 0;
		};
/* End PBXFrameworksBuildPhase section */

/* Begin PBXGroup section */
		46309FE72214338600B83970 = {
			isa = PBXGroup;
			children = (
				46309FF22214338600B83970 /* tableView */,
				4630A0072214338700B83970 /* tableViewTests */,
				4630A0122214338700B83970 /* tableViewUITests */,
				46309FF12214338600B83970 /* Products */,
			);
			sourceTree = "<group>";
		};
		46309FF12214338600B83970 /* Products */ = {
			isa = PBXGroup;
			children = (
				46309FF02214338600B83970 /* tableView.app */,
				4630A0042214338700B83970 /* tableViewTests.xctest */,
				4630A00F2214338700B83970 /* tableViewUITests.xctest */,
			);
			name = Products;
			sourceTree = "<group>";
		};
		46309FF22214338600B83970 /* tableView */ = {
			isa = PBXGroup;
			children = (
				46309FF32214338600B83970 /* AppDelegate.swift */,
				46309FF52214338600B83970 /* ViewController.swift */,
				46309FF72214338600B83970 /* Main.storyboard */,
				46309FFA2214338600B83970 /* Assets.xcassets */,
				46309FFC2214338600B83970 /* LaunchScreen.storyboard */,
				46309FFF2214338600B83970 /* Info.plist */,
				4630A02122143A1900B83970 /* TableViewCell.swift */,
				4630A023221443CA00B83970 /* DetailViewController.swift */,
			);
			path = tableView;
			sourceTree = "<group>";
		};
		4630A0072214338700B83970 /* tableViewTests */ = {
			isa = PBXGroup;
			children = (
				4630A0082214338700B83970 /* tableViewTests.swift */,
				4630A00A2214338700B83970 /* Info.plist */,
			);
			path = tableViewTests;
			sourceTree = "<group>";
		};
		4630A0122214338700B83970 /* tableViewUITests */ = {
			isa = PBXGroup;
			children = (
				4630A0132214338700B83970 /* tableViewUITests.swift */,
				4630A0152214338700B83970 /* Info.plist */,
			);
			path = tableViewUITests;
			sourceTree = "<group>";
		};
/* End PBXGroup section */

/* Begin PBXNativeTarget section */
		46309FEF2214338600B83970 /* tableView */ = {
			isa = PBXNativeTarget;
			buildConfigurationList = 4630A0182214338700B83970 /* Build configuration list for PBXNativeTarget "tableView" */;
			buildPhases = (
				46309FEC2214338600B83970 /* Sources */,
				46309FED2214338600B83970 /* Frameworks */,
				46309FEE2214338600B83970 /* Resources */,
			);
			buildRules = (
			);
			dependencies = (
			);
			name = tableView;
			productName = tableView;
			productReference = 46309FF02214338600B83970 /* tableView.app */;
			productType = "com.apple.product-type.application";
		};
		4630A0032214338700B83970 /* tableViewTests */ = {
			isa = PBXNativeTarget;
			buildConfigurationList = 4630A01B2214338700B83970 /* Build configuration list for PBXNativeTarget "tableViewTests" */;
			buildPhases = (
				4630A0002214338700B83970 /* Sources */,
				4630A0012214338700B83970 /* Frameworks */,
				4630A0022214338700B83970 /* Resources */,
			);
			buildRules = (
			);
			dependencies = (
				4630A0062214338700B83970 /* PBXTargetDependency */,
			);
			name = tableViewTests;
			productName = tableViewTests;
			productReference = 4630A0042214338700B83970 /* tableViewTests.xctest */;
			productType = "com.apple.product-type.bundle.unit-test";
		};
		4630A00E2214338700B83970 /* tableViewUITests */ = {
			isa = PBXNativeTarget;
			buildConfigurationList = 4630A01E2214338700B83970 /* Build configuration list for PBXNativeTarget "tableViewUITests" */;
			buildPhases = (
				4630A00B2214338700B83970 /* Sources */,
				4630A00C2214338700B83970 /* Frameworks */,
				4630A00D2214338700B83970 /* Resources */,
			);
			buildRules = (
			);
			dependencies = (
				4630A0112214338700B83970 /* PBXTargetDependency */,
			);
			name = tableViewUITests;
			productName = tableViewUITests;
			productReference = 4630A00F2214338700B83970 /* tableViewUITests.xctest */;
			productType = "com.apple.product-type.bundle.ui-testing";
		};
/* End PBXNativeTarget section */

/* Begin PBXProject section */
		46309FE82214338600B83970 /* Project object */ = {
			isa = PBXProject;
			attributes = {
				LastSwiftUpdateCheck = 0900;
				LastUpgradeCheck = 0900;
				ORGANIZATIONNAME = "ZOHAIB ";
				TargetAttributes = {
					46309FEF2214338600B83970 = {
						CreatedOnToolsVersion = 9.0;
						ProvisioningStyle = Automatic;
					};
					4630A0032214338700B83970 = {
						CreatedOnToolsVersion = 9.0;
						ProvisioningStyle = Automatic;
						TestTargetID = 46309FEF2214338600B83970;
					};
					4630A00E2214338700B83970 = {
						CreatedOnToolsVersion = 9.0;
						ProvisioningStyle = Automatic;
						TestTargetID = 46309FEF2214338600B83970;
					};
				};
			};
			buildConfigurationList = 46309FEB2214338600B83970 /* Build configuration list for PBXProject "tableView" */;
			compatibilityVersion = "Xcode 8.0";
			developmentRegion = en;
			hasScannedForEncodings = 0;
			knownRegions = (
				en,
				Base,
			);
			mainGroup = 46309FE72214338600B83970;
			productRefGroup = 46309FF12214338600B83970 /* Products */;
			projectDirPath = "";
			projectRoot = "";
			targets = (
				46309FEF2214338600B83970 /* tableView */,
				4630A0032214338700B83970 /* tableViewTests */,
				4630A00E2214338700B83970 /* tableViewUITests */,
			);
		};
/* End PBXProject section */

/* Begin PBXResourcesBuildPhase section */
		46309FEE2214338600B83970 /* Resources */ = {
			isa = PBXResourcesBuildPhase;
			buildActionMask = 2147483647;
			files = (
				46309FFE2214338600B83970 /* LaunchScreen.storyboard in Resources */,
				46309FFB2214338600B83970 /* Assets.xcassets in Resources */,
				46309FF92214338600B83970 /* Main.storyboard in Resources */,
			);
			runOnlyForDeploymentPostprocessing = 0;
		};
		4630A0022214338700B83970 /* Resources */ = {
			isa = PBXResourcesBuildPhase;
			buildActionMask = 2147483647;
			files = (
			);
			runOnlyForDeploymentPostprocessing = 0;
		};
		4630A00D2214338700B83970 /* Resources */ = {
			isa = PBXResourcesBuildPhase;
			buildActionMask = 2147483647;
			files = (
			);
			runOnlyForDeploymentPostprocessing = 0;
		};
/* End PBXResourcesBuildPhase section */

/* Begin PBXSourcesBuildPhase section */
		46309FEC2214338600B83970 /* Sources */ = {
			isa = PBXSourcesBuildPhase;
			buildActionMask = 2147483647;
			files = (
				4630A02222143A1900B83970 /* TableViewCell.swift in Sources */,
				46309FF62214338600B83970 /* ViewController.swift in Sources */,
				46309FF42214338600B83970 /* AppDelegate.swift in Sources */,
				4630A024221443CA00B83970 /* DetailViewController.swift in Sources */,
			);
			runOnlyForDeploymentPostprocessing = 0;
		};
		4630A0002214338700B83970 /* Sources */ = {
			isa = PBXSourcesBuildPhase;
			buildActionMask = 2147483647;
			files = (
				4630A0092214338700B83970 /* tableViewTests.swift in Sources */,
			);
			runOnlyForDeploymentPostprocessing = 0;
		};
		4630A00B2214338700B83970 /* Sources */ = {
			isa = PBXSourcesBuildPhase;
			buildActionMask = 2147483647;
			files = (
				4630A0142214338700B83970 /* tableViewUITests.swift in Sources */,
			);
			runOnlyForDeploymentPostprocessing = 0;
		};
/* End PBXSourcesBuildPhase section */

/* Begin PBXTargetDependency section */
		4630A0062214338700B83970 /* PBXTargetDependency */ = {
			isa = PBXTargetDependency;
			target = 46309FEF2214338600B83970 /* tableView */;
			targetProxy = 4630A0052214338700B83970 /* PBXContainerItemProxy */;
		};
		4630A0112214338700B83970 /* PBXTargetDependency */ = {
			isa = PBXTargetDependency;
			target = 46309FEF2214338600B83970 /* tableView */;
			targetProxy = 4630A0102214338700B83970 /* PBXContainerItemProxy */;
		};
/* End PBXTargetDependency section */

/* Begin PBXVariantGroup section */
		46309FF72214338600B83970 /* Main.storyboard */ = {
			isa = PBXVariantGroup;
			children = (
				46309FF82214338600B83970 /* Base */,
			);
			name = Main.storyboard;
			sourceTree = "<group>";
		};
		46309FFC2214338600B83970 /* LaunchScreen.storyboard */ = {
			isa = PBXVariantGroup;
			children = (
				46309FFD2214338600B83970 /* Base */,
			);
			name = LaunchScreen.storyboard;
			sourceTree = "<group>";
		};
/* End PBXVariantGroup section */

/* Begin XCBuildConfiguration section */
		4630A0162214338700B83970 /* Debug */ = {
			isa = XCBuildConfiguration;
			buildSettings = {
				ALWAYS_SEARCH_USER_PATHS = NO;
				CLANG_ANALYZER_NONNULL = YES;
				CLANG_ANALYZER_NUMBER_OBJECT_CONVERSION = YES_AGGRESSIVE;
				CLANG_CXX_LANGUAGE_STANDARD = "gnu++14";
				CLANG_CXX_LIBRARY = "libc++";
				CLANG_ENABLE_MODULES = YES;
				CLANG_ENABLE_OBJC_ARC = YES;
				CLANG_WARN_BLOCK_CAPTURE_AUTORELEASING = YES;
				CLANG_WARN_BOOL_CONVERSION = YES;
				CLANG_WARN_COMMA = YES;
				CLANG_WARN_CONSTANT_CONVERSION = YES;
				CLANG_WARN_DIRECT_OBJC_ISA_USAGE = YES_ERROR;
				CLANG_WARN_DOCUMENTATION_COMMENTS = YES;
				CLANG_WARN_EMPTY_BODY = YES;
				CLANG_WARN_ENUM_CONVERSION = YES;
				CLANG_WARN_INFINITE_RECURSION = YES;
				CLANG_WARN_INT_CONVERSION = YES;
				CLANG_WARN_NON_LITERAL_NULL_CONVERSION = YES;
				CLANG_WARN_OBJC_LITERAL_CONVERSION = YES;
				CLANG_WARN_OBJC_ROOT_CLASS = YES_ERROR;
				CLANG_WARN_RANGE_LOOP_ANALYSIS = YES;
				CLANG_WARN_STRICT_PROTOTYPES = YES;
				CLANG_WARN_SUSPICIOUS_MOVE = YES;
				CLANG_WARN_UNGUARDED_AVAILABILITY = YES_AGGRESSIVE;
				CLANG_WARN_UNREACHABLE_CODE = YES;
				CLANG_WARN__DUPLICATE_METHOD_MATCH = YES;
				CODE_SIGN_IDENTITY = "iPhone Developer";
				COPY_PHASE_STRIP = NO;
				DEBUG_INFORMATION_FORMAT = dwarf;
				ENABLE_STRICT_OBJC_MSGSEND = YES;
				ENABLE_TESTABILITY = YES;
				GCC_C_LANGUAGE_STANDARD = gnu11;
				GCC_DYNAMIC_NO_PIC = NO;
				GCC_NO_COMMON_BLOCKS = YES;
				GCC_OPTIMIZATION_LEVEL = 0;
				GCC_PREPROCESSOR_DEFINITIONS = (
					"DEBUG=1",
					"$(inherited)",
				);
				GCC_WARN_64_TO_32_BIT_CONVERSION = YES;
				GCC_WARN_ABOUT_RETURN_TYPE = YES_ERROR;
				GCC_WARN_UNDECLARED_SELECTOR = YES;
				GCC_WARN_UNINITIALIZED_AUTOS = YES_AGGRESSIVE;
				GCC_WARN_UNUSED_FUNCTION = YES;
				GCC_WARN_UNUSED_VARIABLE = YES;
				IPHONEOS_DEPLOYMENT_TARGET = 11.0;
				MTL_ENABLE_DEBUG_INFO = YES;
				ONLY_ACTIVE_ARCH = YES;
				SDKROOT = iphoneos;
				SWIFT_ACTIVE_COMPILATION_CONDITIONS = DEBUG;
				SWIFT_OPTIMIZATION_LEVEL = "-Onone";
			};
			name = Debug;
		};
		4630A0172214338700B83970 /* Release */ = {
			isa = XCBuildConfiguration;
			buildSettings = {
				ALWAYS_SEARCH_USER_PATHS = NO;
				CLANG_ANALYZER_NONNULL = YES;
				CLANG_ANALYZER_NUMBER_OBJECT_CONVERSION = YES_AGGRESSIVE;
				CLANG_CXX_LANGUAGE_STANDARD = "gnu++14";
				CLANG_CXX_LIBRARY = "libc++";
				CLANG_ENABLE_MODULES = YES;
				CLANG_ENABLE_OBJC_ARC = YES;
				CLANG_WARN_BLOCK_CAPTURE_AUTORELEASING = YES;
				CLANG_WARN_BOOL_CONVERSION = YES;
				CLANG_WARN_COMMA = YES;
				CLANG_WARN_CONSTANT_CONVERSION = YES;
				CLANG_WARN_DIRECT_OBJC_ISA_USAGE = YES_ERROR;
				CLANG_WARN_DOCUMENTATION_COMMENTS = YES;
				CLANG_WARN_EMPTY_BODY = YES;
				CLANG_WARN_ENUM_CONVERSION = YES;
				CLANG_WARN_INFINITE_RECURSION = YES;
				CLANG_WARN_INT_CONVERSION = YES;
				CLANG_WARN_NON_LITERAL_NULL_CONVERSION = YES;
				CLANG_WARN_OBJC_LITERAL_CONVERSION = YES;
				CLANG_WARN_OBJC_ROOT_CLASS = YES_ERROR;
				CLANG_WARN_RANGE_LOOP_ANALYSIS = YES;
				CLANG_WARN_STRICT_PROTOTYPES = YES;
				CLANG_WARN_SUSPICIOUS_MOVE = YES;
				CLANG_WARN_UNGUARDED_AVAILABILITY = YES_AGGRESSIVE;
				CLANG_WARN_UNREACHABLE_CODE = YES;
				CLANG_WARN__DUPLICATE_METHOD_MATCH = YES;
				CODE_SIGN_IDENTITY = "iPhone Developer";
				COPY_PHASE_STRIP = NO;
				DEBUG_INFORMATION_FORMAT = "dwarf-with-dsym";
				ENABLE_NS_ASSERTIONS = NO;
				ENABLE_STRICT_OBJC_MSGSEND = YES;
				GCC_C_LANGUAGE_STANDARD = gnu11;
				GCC_NO_COMMON_BLOCKS = YES;
				GCC_WARN_64_TO_32_BIT_CONVERSION = YES;
				GCC_WARN_ABOUT_RETURN_TYPE = YES_ERROR;
				GCC_WARN_UNDECLARED_SELECTOR = YES;
				GCC_WARN_UNINITIALIZED_AUTOS = YES_AGGRESSIVE;
				GCC_WARN_UNUSED_FUNCTION = YES;
				GCC_WARN_UNUSED_VARIABLE = YES;
				IPHONEOS_DEPLOYMENT_TARGET = 11.0;
				MTL_ENABLE_DEBUG_INFO = NO;
				SDKROOT = iphoneos;
				SWIFT_OPTIMIZATION_LEVEL = "-Owholemodule";
				VALIDATE_PRODUCT = YES;
			};
			name = Release;
		};
		4630A0192214338700B83970 /* Debug */ = {
			isa = XCBuildConfiguration;
			buildSettings = {
				ASSETCATALOG_COMPILER_APPICON_NAME = AppIcon;
				CODE_SIGN_STYLE = Automatic;
				INFOPLIST_FILE = tableView/Info.plist;
				LD_RUNPATH_SEARCH_PATHS = "$(inherited) @executable_path/Frameworks";
				PRODUCT_BUNDLE_IDENTIFIER = sample.cc.tableView;
				PRODUCT_NAME = "$(TARGET_NAME)";
				SWIFT_VERSION = 4.0;
				TARGETED_DEVICE_FAMILY = "1,2";
			};
			name = Debug;
		};
		4630A01A2214338700B83970 /* Release */ = {
			isa = XCBuildConfiguration;
			buildSettings = {
				ASSETCATALOG_COMPILER_APPICON_NAME = AppIcon;
				CODE_SIGN_STYLE = Automatic;
				INFOPLIST_FILE = tableView/Info.plist;
				LD_RUNPATH_SEARCH_PATHS = "$(inherited) @executable_path/Frameworks";
				PRODUCT_BUNDLE_IDENTIFIER = sample.cc.tableView;
				PRODUCT_NAME = "$(TARGET_NAME)";
				SWIFT_VERSION = 4.0;
				TARGETED_DEVICE_FAMILY = "1,2";
			};
			name = Release;
		};
		4630A01C2214338700B83970 /* Debug */ = {
			isa = XCBuildConfiguration;
			buildSettings = {
				ALWAYS_EMBED_SWIFT_STANDARD_LIBRARIES = YES;
				BUNDLE_LOADER = "$(TEST_HOST)";
				CODE_SIGN_STYLE = Automatic;
				INFOPLIST_FILE = tableViewTests/Info.plist;
				LD_RUNPATH_SEARCH_PATHS = "$(inherited) @executable_path/Frameworks @loader_path/Frameworks";
				PRODUCT_BUNDLE_IDENTIFIER = sample.cc.tableViewTests;
				PRODUCT_NAME = "$(TARGET_NAME)";
				SWIFT_VERSION = 4.0;
				TARGETED_DEVICE_FAMILY = "1,2";
				TEST_HOST = "$(BUILT_PRODUCTS_DIR)/tableView.app/tableView";
			};
			name = Debug;
		};
		4630A01D2214338700B83970 /* Release */ = {
			isa = XCBuildConfiguration;
			buildSettings = {
				ALWAYS_EMBED_SWIFT_STANDARD_LIBRARIES = YES;
				BUNDLE_LOADER = "$(TEST_HOST)";
				CODE_SIGN_STYLE = Automatic;
				INFOPLIST_FILE = tableViewTests/Info.plist;
				LD_RUNPATH_SEARCH_PATHS = "$(inherited) @executable_path/Frameworks @loader_path/Frameworks";
				PRODUCT_BUNDLE_IDENTIFIER = sample.cc.tableViewTests;
				PRODUCT_NAME = "$(TARGET_NAME)";
				SWIFT_VERSION = 4.0;
				TARGETED_DEVICE_FAMILY = "1,2";
				TEST_HOST = "$(BUILT_PRODUCTS_DIR)/tableView.app/tableView";
			};
			name = Release;
		};
		4630A01F2214338700B83970 /* Debug */ = {
			isa = XCBuildConfiguration;
			buildSettings = {
				ALWAYS_EMBED_SWIFT_STANDARD_LIBRARIES = YES;
				CODE_SIGN_STYLE = Automatic;
				INFOPLIST_FILE = tableViewUITests/Info.plist;
				LD_RUNPATH_SEARCH_PATHS = "$(inherited) @executable_path/Frameworks @loader_path/Frameworks";
				PRODUCT_BUNDLE_IDENTIFIER = sample.cc.tableViewUITests;
				PRODUCT_NAME = "$(TARGET_NAME)";
				SWIFT_VERSION = 4.0;
				TARGETED_DEVICE_FAMILY = "1,2";
				TEST_TARGET_NAME = tableView;
			};
			name = Debug;
		};
		4630A0202214338700B83970 /* Release */ = {
			isa = XCBuildConfiguration;
			buildSettings = {
				ALWAYS_EMBED_SWIFT_STANDARD_LIBRARIES = YES;
				CODE_SIGN_STYLE = Automatic;
				INFOPLIST_FILE = tableViewUITests/Info.plist;
				LD_RUNPATH_SEARCH_PATHS = "$(inherited) @executable_path/Frameworks @loader_path/Frameworks";
				PRODUCT_BUNDLE_IDENTIFIER = sample.cc.tableViewUITests;
				PRODUCT_NAME = "$(TARGET_NAME)";
				SWIFT_VERSION = 4.0;
				TARGETED_DEVICE_FAMILY = "1,2";
				TEST_TARGET_NAME = tableView;
			};
			name = Release;
		};
/* End XCBuildConfiguration section */

/* Begin XCConfigurationList section */
		46309FEB2214338600B83970 /* Build configuration list for PBXProject "tableView" */ = {
			isa = XCConfigurationList;
			buildConfigurations = (
				4630A0162214338700B83970 /* Debug */,
				4630A0172214338700B83970 /* Release */,
			);
			defaultConfigurationIsVisible = 0;
			defaultConfigurationName = Release;
		};
		4630A0182214338700B83970 /* Build configuration list for PBXNativeTarget "tableView" */ = {
			isa = XCConfigurationList;
			buildConfigurations = (
				4630A0192214338700B83970 /* Debug */,
				4630A01A2214338700B83970 /* Release */,
			);
			defaultConfigurationIsVisible = 0;
			defaultConfigurationName = Release;
		};
		4630A01B2214338700B83970 /* Build configuration list for PBXNativeTarget "tableViewTests" */ = {
			isa = XCConfigurationList;
			buildConfigurations = (
				4630A01C2214338700B83970 /* Debug */,
				4630A01D2214338700B83970 /* Release */,
			);
			defaultConfigurationIsVisible = 0;
			defaultConfigurationName = Release;
		};
		4630A01E2214338700B83970 /* Build configuration list for PBXNativeTarget "tableViewUITests" */ = {
			isa = XCConfigurationList;
			buildConfigurations = (
				4630A01F2214338700B83970 /* Debug */,
				4630A0202214338700B83970 /* Release */,
			);
			defaultConfigurationIsVisible = 0;
			defaultConfigurationName = Release;
		};
/* End XCConfigurationList section */
	};
	rootObject = 46309FE82214338600B83970 /* Project object */;
}
